
Microsoft Visual Studio Solution File, Format Version 12.00
# Visual Studio Version 16
VisualStudioVersion = 16.0.29503.13
MinimumVisualStudioVersion = 10.0.40219.1
Project("{9A19103F-16F7-4668-BE54-9A1E7A4F7556}") = "WorkWithFarmacy", "WorkWithFarmacy.csproj", "{94033647-D2D9-47F7-B535-0A29EB6C58D5}"
EndProject
Global
	GlobalSection(SolutionConfigurationPlatforms) = preSolution
		Debug|Any CPU = Debug|Any CPU
		Release|Any CPU = Release|Any CPU
	EndGlobalSection
	GlobalSection(ProjectConfigurationPlatforms) = postSolution
		{94033647-D2D9-47F7-B535-0A29EB6C58D5}.Debug|Any CPU.ActiveCfg = Debug|Any CPU
		{94033647-D2D9-47F7-B535-0A29EB6C58D5}.Debug|Any CPU.Build.0 = Debug|Any CPU
		{94033647-D2D9-47F7-B535-0A29EB6C58D5}.Release|Any CPU.ActiveCfg = Release|Any CPU
		{94033647-D2D9-47F7-B535-0A29EB6C58D5}.Release|Any CPU.Build.0 = Release|Any CPU
	EndGlobalSection
	GlobalSection(SolutionProperties) = preSolution
		HideSolutionNode = FALSE
	EndGlobalSection
	GlobalSection(ExtensibilityGlobals) = postSolution
		SolutionGuid = {85073256-5746-4D9D-AD00-6E726352D4A7}
	EndGlobalSection
EndGlobal
